
Microsoft Visual Studio Solution File, Format Version 12.00
# Visual Studio 2013
VisualStudioVersion = 12.0.31101.0
MinimumVisualStudioVersion = 10.0.40219.1
Project("{2150E333-8FDC-42A3-9474-1A3956D46DE8}") = "Engine", "Engine", "{A0502AC1-23DD-43BE-8199-BD9929FE4A7F}"
EndProject
Project("{2150E333-8FDC-42A3-9474-1A3956D46DE8}") = "Games", "Games", "{CC05C83F-6461-445C-A8E8-BAB4060563C5}"
EndProject
Project("{8BC9CEB8-8B4A-11D0-8D11-00A0C91BC942}") = "UE4", "Intermediate\ProjectFiles\UE4.vcxproj", "{0C0361C3-A460-43E2-8B10-9DD601A34C78}"
EndProject
Project("{8BC9CEB8-8B4A-11D0-8D11-00A0C91BC942}") = "HTML5", "Intermediate\ProjectFiles\HTML5.vcxproj", "{B9BA7719-FF7E-4D6C-B94C-618376A0D235}"
EndProject
Global
	GlobalSection(SolutionConfigurationPlatforms) = preSolution
		DebugGame Editor|Android = DebugGame Editor|Android
		DebugGame Editor|Win32 = DebugGame Editor|Win32
		DebugGame Editor|Win64 = DebugGame Editor|Win64
		DebugGame|Android = DebugGame|Android
		DebugGame|Win32 = DebugGame|Win32
		DebugGame|Win64 = DebugGame|Win64
		Development Editor|Android = Development Editor|Android
		Development Editor|Win32 = Development Editor|Win32
		Development Editor|Win64 = Development Editor|Win64
		Development|Android = Development|Android
		Development|Win32 = Development|Win32
		Development|Win64 = Development|Win64
		Shipping|Android = Shipping|Android
		Shipping|Win32 = Shipping|Win32
		Shipping|Win64 = Shipping|Win64
	EndGlobalSection
	GlobalSection(ProjectConfigurationPlatforms) = postSolution
		{0C0361C3-A460-43E2-8B10-9DD601A34C78}.DebugGame Editor|Android.ActiveCfg = BuiltWithUnrealBuildTool|Win32
		{0C0361C3-A460-43E2-8B10-9DD601A34C78}.DebugGame Editor|Win32.ActiveCfg = BuiltWithUnrealBuildTool|Win32
		{0C0361C3-A460-43E2-8B10-9DD601A34C78}.DebugGame Editor|Win32.Build.0 = BuiltWithUnrealBuildTool|Win32
		{0C0361C3-A460-43E2-8B10-9DD601A34C78}.DebugGame Editor|Win64.ActiveCfg = BuiltWithUnrealBuildTool|Win32
		{0C0361C3-A460-43E2-8B10-9DD601A34C78}.DebugGame|Android.ActiveCfg = BuiltWithUnrealBuildTool|Win32
		{0C0361C3-A460-43E2-8B10-9DD601A34C78}.DebugGame|Win32.ActiveCfg = BuiltWithUnrealBuildTool|Win32
		{0C0361C3-A460-43E2-8B10-9DD601A34C78}.DebugGame|Win32.Build.0 = BuiltWithUnrealBuildTool|Win32
		{0C0361C3-A460-43E2-8B10-9DD601A34C78}.DebugGame|Win64.ActiveCfg = BuiltWithUnrealBuildTool|Win32
		{0C0361C3-A460-43E2-8B10-9DD601A34C78}.Development Editor|Android.ActiveCfg = BuiltWithUnrealBuildTool|Win32
		{0C0361C3-A460-43E2-8B10-9DD601A34C78}.Development Editor|Win32.ActiveCfg = BuiltWithUnrealBuildTool|Win32
		{0C0361C3-A460-43E2-8B10-9DD601A34C78}.Development Editor|Win32.Build.0 = BuiltWithUnrealBuildTool|Win32
		{0C0361C3-A460-43E2-8B10-9DD601A34C78}.Development Editor|Win64.ActiveCfg = BuiltWithUnrealBuildTool|Win32
		{0C0361C3-A460-43E2-8B10-9DD601A34C78}.Development|Android.ActiveCfg = BuiltWithUnrealBuildTool|Win32
		{0C0361C3-A460-43E2-8B10-9DD601A34C78}.Development|Win32.ActiveCfg = BuiltWithUnrealBuildTool|Win32
		{0C0361C3-A460-43E2-8B10-9DD601A34C78}.Development|Win32.Build.0 = BuiltWithUnrealBuildTool|Win32
		{0C0361C3-A460-43E2-8B10-9DD601A34C78}.Development|Win64.ActiveCfg = BuiltWithUnrealBuildTool|Win32
		{0C0361C3-A460-43E2-8B10-9DD601A34C78}.Shipping|Android.ActiveCfg = BuiltWithUnrealBuildTool|Win32
		{0C0361C3-A460-43E2-8B10-9DD601A34C78}.Shipping|Win32.ActiveCfg = BuiltWithUnrealBuildTool|Win32
		{0C0361C3-A460-43E2-8B10-9DD601A34C78}.Shipping|Win32.Build.0 = BuiltWithUnrealBuildTool|Win32
		{0C0361C3-A460-43E2-8B10-9DD601A34C78}.Shipping|Win64.ActiveCfg = BuiltWithUnrealBuildTool|Win32
		{B9BA7719-FF7E-4D6C-B94C-618376A0D235}.DebugGame Editor|Android.ActiveCfg = DebugGame_Editor|Tegra-Android
		{B9BA7719-FF7E-4D6C-B94C-618376A0D235}.DebugGame Editor|Android.Build.0 = DebugGame_Editor|Tegra-Android
		{B9BA7719-FF7E-4D6C-B94C-618376A0D235}.DebugGame Editor|Win32.ActiveCfg = DebugGame_Editor|Win32
		{B9BA7719-FF7E-4D6C-B94C-618376A0D235}.DebugGame Editor|Win32.Build.0 = DebugGame_Editor|Win32
		{B9BA7719-FF7E-4D6C-B94C-618376A0D235}.DebugGame Editor|Win64.ActiveCfg = DebugGame_Editor|x64
		{B9BA7719-FF7E-4D6C-B94C-618376A0D235}.DebugGame Editor|Win64.Build.0 = DebugGame_Editor|x64
		{B9BA7719-FF7E-4D6C-B94C-618376A0D235}.DebugGame|Android.ActiveCfg = DebugGame_Game|Tegra-Android
		{B9BA7719-FF7E-4D6C-B94C-618376A0D235}.DebugGame|Android.Build.0 = DebugGame_Game|Tegra-Android
		{B9BA7719-FF7E-4D6C-B94C-618376A0D235}.DebugGame|Win32.ActiveCfg = DebugGame_Game|Win32
		{B9BA7719-FF7E-4D6C-B94C-618376A0D235}.DebugGame|Win32.Build.0 = DebugGame_Game|Win32
		{B9BA7719-FF7E-4D6C-B94C-618376A0D235}.DebugGame|Win64.ActiveCfg = DebugGame_Game|x64
		{B9BA7719-FF7E-4D6C-B94C-618376A0D235}.DebugGame|Win64.Build.0 = DebugGame_Game|x64
		{B9BA7719-FF7E-4D6C-B94C-618376A0D235}.Development Editor|Android.ActiveCfg = Development_Editor|Tegra-Android
		{B9BA7719-FF7E-4D6C-B94C-618376A0D235}.Development Editor|Android.Build.0 = Development_Editor|Tegra-Android
		{B9BA7719-FF7E-4D6C-B94C-618376A0D235}.Development Editor|Win32.ActiveCfg = Development_Editor|Win32
		{B9BA7719-FF7E-4D6C-B94C-618376A0D235}.Development Editor|Win32.Build.0 = Development_Editor|Win32
		{B9BA7719-FF7E-4D6C-B94C-618376A0D235}.Development Editor|Win64.ActiveCfg = Development_Editor|x64
		{B9BA7719-FF7E-4D6C-B94C-618376A0D235}.Development Editor|Win64.Build.0 = Development_Editor|x64
		{B9BA7719-FF7E-4D6C-B94C-618376A0D235}.Development|Android.ActiveCfg = Development_Game|Tegra-Android
		{B9BA7719-FF7E-4D6C-B94C-618376A0D235}.Development|Android.Build.0 = Development_Game|Tegra-Android
		{B9BA7719-FF7E-4D6C-B94C-618376A0D235}.Development|Win32.ActiveCfg = Development_Game|Win32
		{B9BA7719-FF7E-4D6C-B94C-618376A0D235}.Development|Win32.Build.0 = Development_Game|Win32
		{B9BA7719-FF7E-4D6C-B94C-618376A0D235}.Development|Win64.ActiveCfg = Development_Game|x64
		{B9BA7719-FF7E-4D6C-B94C-618376A0D235}.Development|Win64.Build.0 = Development_Game|x64
		{B9BA7719-FF7E-4D6C-B94C-618376A0D235}.Shipping|Android.ActiveCfg = Shipping_Game|Tegra-Android
		{B9BA7719-FF7E-4D6C-B94C-618376A0D235}.Shipping|Android.Build.0 = Shipping_Game|Tegra-Android
		{B9BA7719-FF7E-4D6C-B94C-618376A0D235}.Shipping|Win32.ActiveCfg = Shipping_Game|Win32
		{B9BA7719-FF7E-4D6C-B94C-618376A0D235}.Shipping|Win32.Build.0 = Shipping_Game|Win32
		{B9BA7719-FF7E-4D6C-B94C-618376A0D235}.Shipping|Win64.ActiveCfg = Shipping_Game|x64
		{B9BA7719-FF7E-4D6C-B94C-618376A0D235}.Shipping|Win64.Build.0 = Shipping_Game|x64
	EndGlobalSection
	GlobalSection(SolutionProperties) = preSolution
		HideSolutionNode = FALSE
	EndGlobalSection
	GlobalSection(NestedProjects) = preSolution
		{0C0361C3-A460-43E2-8B10-9DD601A34C78} = {A0502AC1-23DD-43BE-8199-BD9929FE4A7F}
		{B9BA7719-FF7E-4D6C-B94C-618376A0D235} = {CC05C83F-6461-445C-A8E8-BAB4060563C5}
	EndGlobalSection
EndGlobal
